
Microsoft Visual Studio Solution File, Format Version 12.00
# Visual Studio 15
VisualStudioVersion = 15.0.27130.2036
MinimumVisualStudioVersion = 10.0.40219.1
Project("{FAE04EC0-301F-11D3-BF4B-00C04F79EFBC}") = "BinanceAPI", "BinanceAPI\BinanceAPI.csproj", "{68327CA6-01E6-492B-B45C-927CA62632A8}"
EndProject
Project("{FAE04EC0-301F-11D3-BF4B-00C04F79EFBC}") = "Test", "Test\Test.csproj", "{0BCCA3C2-3E26-476E-8ABD-374252AEDC9D}"
EndProject
Project("{FAE04EC0-301F-11D3-BF4B-00C04F79EFBC}") = "Portal", "Portal\Portal.csproj", "{2D17D8DE-64EB-4EF3-9655-10134F862484}"
EndProject
Project("{FAE04EC0-301F-11D3-BF4B-00C04F79EFBC}") = "BitfinexAPI", "BitfinexAPI\BitfinexAPI.csproj", "{9EB53EC3-EF0A-4E79-B0C8-B8F0CB3F781E}"
EndProject
Global
	GlobalSection(SolutionConfigurationPlatforms) = preSolution
		Debug|Any CPU = Debug|Any CPU
		Release|Any CPU = Release|Any CPU
	EndGlobalSection
	GlobalSection(ProjectConfigurationPlatforms) = postSolution
		{68327CA6-01E6-492B-B45C-927CA62632A8}.Debug|Any CPU.ActiveCfg = Debug|Any CPU
		{68327CA6-01E6-492B-B45C-927CA62632A8}.Debug|Any CPU.Build.0 = Debug|Any CPU
		{68327CA6-01E6-492B-B45C-927CA62632A8}.Release|Any CPU.ActiveCfg = Release|Any CPU
		{68327CA6-01E6-492B-B45C-927CA62632A8}.Release|Any CPU.Build.0 = Release|Any CPU
		{0BCCA3C2-3E26-476E-8ABD-374252AEDC9D}.Debug|Any CPU.ActiveCfg = Debug|Any CPU
		{0BCCA3C2-3E26-476E-8ABD-374252AEDC9D}.Debug|Any CPU.Build.0 = Debug|Any CPU
		{0BCCA3C2-3E26-476E-8ABD-374252AEDC9D}.Release|Any CPU.ActiveCfg = Release|Any CPU
		{0BCCA3C2-3E26-476E-8ABD-374252AEDC9D}.Release|Any CPU.Build.0 = Release|Any CPU
		{2D17D8DE-64EB-4EF3-9655-10134F862484}.Debug|Any CPU.ActiveCfg = Debug|Any CPU
		{2D17D8DE-64EB-4EF3-9655-10134F862484}.Debug|Any CPU.Build.0 = Debug|Any CPU
		{2D17D8DE-64EB-4EF3-9655-10134F862484}.Release|Any CPU.ActiveCfg = Release|Any CPU
		{2D17D8DE-64EB-4EF3-9655-10134F862484}.Release|Any CPU.Build.0 = Release|Any CPU
		{9EB53EC3-EF0A-4E79-B0C8-B8F0CB3F781E}.Debug|Any CPU.ActiveCfg = Debug|Any CPU
		{9EB53EC3-EF0A-4E79-B0C8-B8F0CB3F781E}.Debug|Any CPU.Build.0 = Debug|Any CPU
		{9EB53EC3-EF0A-4E79-B0C8-B8F0CB3F781E}.Release|Any CPU.ActiveCfg = Release|Any CPU
		{9EB53EC3-EF0A-4E79-B0C8-B8F0CB3F781E}.Release|Any CPU.Build.0 = Release|Any CPU
	EndGlobalSection
	GlobalSection(SolutionProperties) = preSolution
		HideSolutionNode = FALSE
	EndGlobalSection
	GlobalSection(ExtensibilityGlobals) = postSolution
		SolutionGuid = {63243B8A-536E-4D33-A59A-98B355B3A498}
	EndGlobalSection
EndGlobal
